
Microsoft Visual Studio Solution File, Format Version 12.00
# Visual Studio 15
VisualStudioVersion = 15.0.26730.16
MinimumVisualStudioVersion = 10.0.40219.1
Project("{FAE04EC0-301F-11D3-BF4B-00C04F79EFBC}") = "HubContract", "HubContract\HubContract.csproj", "{62589B2F-BFE0-4290-A401-25B010780AB2}"
EndProject
Project("{FAE04EC0-301F-11D3-BF4B-00C04F79EFBC}") = "WalletContract", "WalletContract\WalletContract.csproj", "{E0D75BFA-C20D-478D-B2F4-6B051785EDCA}"
EndProject
Project("{FAE04EC0-301F-11D3-BF4B-00C04F79EFBC}") = "UnitTests", "UnitTests\UnitTests.csproj", "{2E3DF5C2-8A38-4A03-86D7-8D463C917E47}"
EndProject
Global
	GlobalSection(SolutionConfigurationPlatforms) = preSolution
		Debug|Any CPU = Debug|Any CPU
		Release|Any CPU = Release|Any CPU
	EndGlobalSection
	GlobalSection(ProjectConfigurationPlatforms) = postSolution
		{62589B2F-BFE0-4290-A401-25B010780AB2}.Debug|Any CPU.ActiveCfg = Debug|Any CPU
		{62589B2F-BFE0-4290-A401-25B010780AB2}.Debug|Any CPU.Build.0 = Debug|Any CPU
		{62589B2F-BFE0-4290-A401-25B010780AB2}.Release|Any CPU.ActiveCfg = Release|Any CPU
		{62589B2F-BFE0-4290-A401-25B010780AB2}.Release|Any CPU.Build.0 = Release|Any CPU
		{E0D75BFA-C20D-478D-B2F4-6B051785EDCA}.Debug|Any CPU.ActiveCfg = Debug|Any CPU
		{E0D75BFA-C20D-478D-B2F4-6B051785EDCA}.Debug|Any CPU.Build.0 = Debug|Any CPU
		{E0D75BFA-C20D-478D-B2F4-6B051785EDCA}.Release|Any CPU.ActiveCfg = Release|Any CPU
		{E0D75BFA-C20D-478D-B2F4-6B051785EDCA}.Release|Any CPU.Build.0 = Release|Any CPU
		{2E3DF5C2-8A38-4A03-86D7-8D463C917E47}.Debug|Any CPU.ActiveCfg = Debug|Any CPU
		{2E3DF5C2-8A38-4A03-86D7-8D463C917E47}.Debug|Any CPU.Build.0 = Debug|Any CPU
		{2E3DF5C2-8A38-4A03-86D7-8D463C917E47}.Release|Any CPU.ActiveCfg = Release|Any CPU
		{2E3DF5C2-8A38-4A03-86D7-8D463C917E47}.Release|Any CPU.Build.0 = Release|Any CPU
	EndGlobalSection
	GlobalSection(SolutionProperties) = preSolution
		HideSolutionNode = FALSE
	EndGlobalSection
	GlobalSection(ExtensibilityGlobals) = postSolution
		SolutionGuid = {56B62C8A-754F-429B-9AC5-A7EAB40457F7}
	EndGlobalSection
EndGlobal
